<Solution>
  <Configurations>
    <Platform Name="Any CPU" />
    <Platform Name="x64" />
    <Platform Name="x86" />
  </Configurations>
  <Project Path="Outlook.Cli/Outlook.Cli.csproj" />
  <Project Path="Outlook.ReminderApp/Outlook.ReminderApp.csproj" />
  <Project Path="Outlook.COM.IntegrationTests/Outlook.COM.IntegrationTests.csproj" />
  <Project Path="Outlook.COM/Outlook.COM.csproj" />
</Solution>
